
Microsoft Visual Studio Solution File, Format Version 12.00
# Visual Studio Version 16
VisualStudioVersion = 16.0.31424.327
MinimumVisualStudioVersion = 10.0.40219.1
Project("{FAE04EC0-301F-11D3-BF4B-00C04F79EFBC}") = "IRF_5gyak_G3W0I5", "IRF_5gyak_G3W0I5\IRF_5gyak_G3W0I5.csproj", "{7F3FDC45-B286-4D37-9DB8-AFFAC15C2CE0}"
EndProject
Global
	GlobalSection(SolutionConfigurationPlatforms) = preSolution
		Debug|Any CPU = Debug|Any CPU
		Release|Any CPU = Release|Any CPU
	EndGlobalSection
	GlobalSection(ProjectConfigurationPlatforms) = postSolution
		{7F3FDC45-B286-4D37-9DB8-AFFAC15C2CE0}.Debug|Any CPU.ActiveCfg = Debug|Any CPU
		{7F3FDC45-B286-4D37-9DB8-AFFAC15C2CE0}.Debug|Any CPU.Build.0 = Debug|Any CPU
		{7F3FDC45-B286-4D37-9DB8-AFFAC15C2CE0}.Release|Any CPU.ActiveCfg = Release|Any CPU
		{7F3FDC45-B286-4D37-9DB8-AFFAC15C2CE0}.Release|Any CPU.Build.0 = Release|Any CPU
	EndGlobalSection
	GlobalSection(SolutionProperties) = preSolution
		HideSolutionNode = FALSE
	EndGlobalSection
	GlobalSection(ExtensibilityGlobals) = postSolution
		SolutionGuid = {9B30E52C-0CC7-4D86-AD42-46FF4E30ACC0}
	EndGlobalSection
EndGlobal
